
Microsoft Visual Studio Solution File, Format Version 12.00
# Visual Studio Version 17
VisualStudioVersion = 17.1.32421.90
MinimumVisualStudioVersion = 10.0.40219.1
Project("{9A19103F-16F7-4668-BE54-9A1E7A4F7556}") = "Omnitech", "Omnitech\Omnitech.csproj", "{2AA3F068-58AE-48C5-B9E7-4946103823CC}"
EndProject
Project("{2150E333-8FDC-42A3-9474-1A3956D46DE8}") = "DevExtreme NuGet.config", "DevExtreme NuGet.config", "{A7883C5C-E29E-4D68-81C0-6676BBB1F249}"
	ProjectSection(SolutionItems) = preProject
		NuGet.config = NuGet.config
	EndProjectSection
EndProject
Global
	GlobalSection(SolutionConfigurationPlatforms) = preSolution
		Debug|Any CPU = Debug|Any CPU
		Release|Any CPU = Release|Any CPU
	EndGlobalSection
	GlobalSection(ProjectConfigurationPlatforms) = postSolution
		{2AA3F068-58AE-48C5-B9E7-4946103823CC}.Debug|Any CPU.ActiveCfg = Debug|Any CPU
		{2AA3F068-58AE-48C5-B9E7-4946103823CC}.Debug|Any CPU.Build.0 = Debug|Any CPU
		{2AA3F068-58AE-48C5-B9E7-4946103823CC}.Release|Any CPU.ActiveCfg = Release|Any CPU
		{2AA3F068-58AE-48C5-B9E7-4946103823CC}.Release|Any CPU.Build.0 = Release|Any CPU
	EndGlobalSection
	GlobalSection(SolutionProperties) = preSolution
		HideSolutionNode = FALSE
	EndGlobalSection
	GlobalSection(ExtensibilityGlobals) = postSolution
		SolutionGuid = {D41AE153-38F0-4BED-9431-D0F9C1B876A2}
	EndGlobalSection
EndGlobal
